
Microsoft Visual Studio Solution File, Format Version 12.00
# Visual Studio Version 17
VisualStudioVersion = 17.9.34622.214
MinimumVisualStudioVersion = 10.0.40219.1
Project("{FAE04EC0-301F-11D3-BF4B-00C04F79EFBC}") = "Webapp3layer", "Webapp3layer\Webapp3layer.csproj", "{B2EA27B4-719F-4E89-9E75-E9157094DCC2}"
EndProject
Project("{FAE04EC0-301F-11D3-BF4B-00C04F79EFBC}") = "BLL", "BLL\BLL.csproj", "{5C46DAB2-9059-4C0F-94F4-BB69E18AFE24}"
EndProject
Project("{FAE04EC0-301F-11D3-BF4B-00C04F79EFBC}") = "DAL", "DAL\DAL.csproj", "{C2578216-CB1C-4A37-96AE-871BB23844E8}"
EndProject
Global
	GlobalSection(SolutionConfigurationPlatforms) = preSolution
		Debug|Any CPU = Debug|Any CPU
		Release|Any CPU = Release|Any CPU
	EndGlobalSection
	GlobalSection(ProjectConfigurationPlatforms) = postSolution
		{B2EA27B4-719F-4E89-9E75-E9157094DCC2}.Debug|Any CPU.ActiveCfg = Debug|Any CPU
		{B2EA27B4-719F-4E89-9E75-E9157094DCC2}.Debug|Any CPU.Build.0 = Debug|Any CPU
		{B2EA27B4-719F-4E89-9E75-E9157094DCC2}.Release|Any CPU.ActiveCfg = Release|Any CPU
		{B2EA27B4-719F-4E89-9E75-E9157094DCC2}.Release|Any CPU.Build.0 = Release|Any CPU
		{5C46DAB2-9059-4C0F-94F4-BB69E18AFE24}.Debug|Any CPU.ActiveCfg = Debug|Any CPU
		{5C46DAB2-9059-4C0F-94F4-BB69E18AFE24}.Debug|Any CPU.Build.0 = Debug|Any CPU
		{5C46DAB2-9059-4C0F-94F4-BB69E18AFE24}.Release|Any CPU.ActiveCfg = Release|Any CPU
		{5C46DAB2-9059-4C0F-94F4-BB69E18AFE24}.Release|Any CPU.Build.0 = Release|Any CPU
		{C2578216-CB1C-4A37-96AE-871BB23844E8}.Debug|Any CPU.ActiveCfg = Debug|Any CPU
		{C2578216-CB1C-4A37-96AE-871BB23844E8}.Debug|Any CPU.Build.0 = Debug|Any CPU
		{C2578216-CB1C-4A37-96AE-871BB23844E8}.Release|Any CPU.ActiveCfg = Release|Any CPU
		{C2578216-CB1C-4A37-96AE-871BB23844E8}.Release|Any CPU.Build.0 = Release|Any CPU
	EndGlobalSection
	GlobalSection(SolutionProperties) = preSolution
		HideSolutionNode = FALSE
	EndGlobalSection
	GlobalSection(ExtensibilityGlobals) = postSolution
		SolutionGuid = {0E94EB49-1F71-44C6-81E8-6D9DD232CF98}
	EndGlobalSection
EndGlobal
